
Microsoft Visual Studio Solution File, Format Version 12.00
# Visual Studio 2013
VisualStudioVersion = 12.0.31101.0
MinimumVisualStudioVersion = 10.0.40219.1
Project("{2150E333-8FDC-42A3-9474-1A3956D46DE8}") = "1 - Layers", "1 - Layers", "{AD5E049C-9317-408C-9DE9-64DE7446DF8F}"
EndProject
Project("{2150E333-8FDC-42A3-9474-1A3956D46DE8}") = "1.1 Presentation", "1.1 Presentation", "{54DBFB9D-3016-4581-84B5-AE7CFAF78FC0}"
EndProject
Project("{2150E333-8FDC-42A3-9474-1A3956D46DE8}") = "1.2 Application", "1.2 Application", "{0BC55200-495C-4BE9-A41B-1D0D783BB237}"
EndProject
Project("{2150E333-8FDC-42A3-9474-1A3956D46DE8}") = "1.4 Domain", "1.4 Domain", "{F5A690CF-E376-40FF-A5CD-51F2DB066ACB}"
EndProject
Project("{2150E333-8FDC-42A3-9474-1A3956D46DE8}") = "1.5 Infrastructure", "1.5 Infrastructure", "{78B87072-992D-45FF-AEFB-26FB00A2F241}"
EndProject
Project("{FAE04EC0-301F-11D3-BF4B-00C04F79EFBC}") = "Domain", "Domain\Domain.csproj", "{F3A01242-4093-4853-9E7A-F20E281C2E11}"
EndProject
Project("{FAE04EC0-301F-11D3-BF4B-00C04F79EFBC}") = "Application", "Application\Application.csproj", "{5293B839-2471-4B10-A2E7-35F9EFD6184A}"
EndProject
Project("{2150E333-8FDC-42A3-9474-1A3956D46DE8}") = "2 - Tools", "2 - Tools", "{7AD5DC5F-789E-4F5C-BC78-A7149E185CC1}"
EndProject
Project("{FAE04EC0-301F-11D3-BF4B-00C04F79EFBC}") = "InitDatabase", "InitDatabase\InitDatabase.csproj", "{CD9848C4-BD96-4F8C-831F-FA74B1B2DCAC}"
EndProject
Project("{FAE04EC0-301F-11D3-BF4B-00C04F79EFBC}") = "Infrastructure.Toolkit", "Infrastructure.Toolkit\Infrastructure.Toolkit.csproj", "{84EB0993-6F78-4682-BDA0-C912151A0C0C}"
EndProject
Project("{FAE04EC0-301F-11D3-BF4B-00C04F79EFBC}") = "Web.Portal", "Web.Portal\Web.Portal.csproj", "{CFBF5E0F-E7E5-41BC-88B2-6EBE552BA792}"
EndProject
Project("{FAE04EC0-301F-11D3-BF4B-00C04F79EFBC}") = "Infrastructure.Cache", "Infrastructure.Cache\Infrastructure.Cache.csproj", "{BC4DB568-0186-4223-941B-9ACAC0A6D968}"
EndProject
Project("{2150E333-8FDC-42A3-9474-1A3956D46DE8}") = "1.3 Repositories", "1.3 Repositories", "{FFD98116-67D4-4E7F-9FAC-34FAEEDAC369}"
EndProject
Project("{FAE04EC0-301F-11D3-BF4B-00C04F79EFBC}") = "Repository", "Repository\Repository.csproj", "{4FB4388B-C664-4174-9202-2BEF6C6675F6}"
EndProject
Project("{FAE04EC0-301F-11D3-BF4B-00C04F79EFBC}") = "Infrastructure.Data", "Infrastructure.Data\Infrastructure.Data.csproj", "{DA637EE7-77F8-4139-A94B-B633C6AB358E}"
EndProject
Project("{FAE04EC0-301F-11D3-BF4B-00C04F79EFBC}") = "Infrastructure.IoC", "Infrastructure.IoC\Infrastructure.IoC.csproj", "{FEE79B48-34E3-4A5D-B954-B6B4A4F0B26E}"
EndProject
Project("{2150E333-8FDC-42A3-9474-1A3956D46DE8}") = "3 - Tests", "3 - Tests", "{3C541C24-7B81-4427-A1A2-39B1E6281966}"
EndProject
Project("{FAE04EC0-301F-11D3-BF4B-00C04F79EFBC}") = "Application.Test", "Application.Test\Application.Test.csproj", "{B44A9D62-B2B2-489C-8816-6829596B3E5E}"
EndProject
Global
	GlobalSection(SubversionScc) = preSolution
		Svn-Managed = True
		Manager = AnkhSVN - Subversion Support for Visual Studio
	EndGlobalSection
	GlobalSection(SolutionConfigurationPlatforms) = preSolution
		Debug|Any CPU = Debug|Any CPU
		Release|Any CPU = Release|Any CPU
	EndGlobalSection
	GlobalSection(ProjectConfigurationPlatforms) = postSolution
		{F3A01242-4093-4853-9E7A-F20E281C2E11}.Debug|Any CPU.ActiveCfg = Debug|Any CPU
		{F3A01242-4093-4853-9E7A-F20E281C2E11}.Debug|Any CPU.Build.0 = Debug|Any CPU
		{F3A01242-4093-4853-9E7A-F20E281C2E11}.Release|Any CPU.ActiveCfg = Release|Any CPU
		{F3A01242-4093-4853-9E7A-F20E281C2E11}.Release|Any CPU.Build.0 = Release|Any CPU
		{5293B839-2471-4B10-A2E7-35F9EFD6184A}.Debug|Any CPU.ActiveCfg = Debug|Any CPU
		{5293B839-2471-4B10-A2E7-35F9EFD6184A}.Debug|Any CPU.Build.0 = Debug|Any CPU
		{5293B839-2471-4B10-A2E7-35F9EFD6184A}.Release|Any CPU.ActiveCfg = Release|Any CPU
		{5293B839-2471-4B10-A2E7-35F9EFD6184A}.Release|Any CPU.Build.0 = Release|Any CPU
		{CD9848C4-BD96-4F8C-831F-FA74B1B2DCAC}.Debug|Any CPU.ActiveCfg = Debug|Any CPU
		{CD9848C4-BD96-4F8C-831F-FA74B1B2DCAC}.Debug|Any CPU.Build.0 = Debug|Any CPU
		{CD9848C4-BD96-4F8C-831F-FA74B1B2DCAC}.Release|Any CPU.ActiveCfg = Release|Any CPU
		{CD9848C4-BD96-4F8C-831F-FA74B1B2DCAC}.Release|Any CPU.Build.0 = Release|Any CPU
		{84EB0993-6F78-4682-BDA0-C912151A0C0C}.Debug|Any CPU.ActiveCfg = Debug|Any CPU
		{84EB0993-6F78-4682-BDA0-C912151A0C0C}.Debug|Any CPU.Build.0 = Debug|Any CPU
		{84EB0993-6F78-4682-BDA0-C912151A0C0C}.Release|Any CPU.ActiveCfg = Release|Any CPU
		{84EB0993-6F78-4682-BDA0-C912151A0C0C}.Release|Any CPU.Build.0 = Release|Any CPU
		{CFBF5E0F-E7E5-41BC-88B2-6EBE552BA792}.Debug|Any CPU.ActiveCfg = Debug|Any CPU
		{CFBF5E0F-E7E5-41BC-88B2-6EBE552BA792}.Debug|Any CPU.Build.0 = Debug|Any CPU
		{CFBF5E0F-E7E5-41BC-88B2-6EBE552BA792}.Release|Any CPU.ActiveCfg = Release|Any CPU
		{CFBF5E0F-E7E5-41BC-88B2-6EBE552BA792}.Release|Any CPU.Build.0 = Release|Any CPU
		{BC4DB568-0186-4223-941B-9ACAC0A6D968}.Debug|Any CPU.ActiveCfg = Debug|Any CPU
		{BC4DB568-0186-4223-941B-9ACAC0A6D968}.Debug|Any CPU.Build.0 = Debug|Any CPU
		{BC4DB568-0186-4223-941B-9ACAC0A6D968}.Release|Any CPU.ActiveCfg = Release|Any CPU
		{BC4DB568-0186-4223-941B-9ACAC0A6D968}.Release|Any CPU.Build.0 = Release|Any CPU
		{4FB4388B-C664-4174-9202-2BEF6C6675F6}.Debug|Any CPU.ActiveCfg = Debug|Any CPU
		{4FB4388B-C664-4174-9202-2BEF6C6675F6}.Debug|Any CPU.Build.0 = Debug|Any CPU
		{4FB4388B-C664-4174-9202-2BEF6C6675F6}.Release|Any CPU.ActiveCfg = Release|Any CPU
		{4FB4388B-C664-4174-9202-2BEF6C6675F6}.Release|Any CPU.Build.0 = Release|Any CPU
		{DA637EE7-77F8-4139-A94B-B633C6AB358E}.Debug|Any CPU.ActiveCfg = Debug|Any CPU
		{DA637EE7-77F8-4139-A94B-B633C6AB358E}.Debug|Any CPU.Build.0 = Debug|Any CPU
		{DA637EE7-77F8-4139-A94B-B633C6AB358E}.Release|Any CPU.ActiveCfg = Release|Any CPU
		{DA637EE7-77F8-4139-A94B-B633C6AB358E}.Release|Any CPU.Build.0 = Release|Any CPU
		{FEE79B48-34E3-4A5D-B954-B6B4A4F0B26E}.Debug|Any CPU.ActiveCfg = Debug|Any CPU
		{FEE79B48-34E3-4A5D-B954-B6B4A4F0B26E}.Debug|Any CPU.Build.0 = Debug|Any CPU
		{FEE79B48-34E3-4A5D-B954-B6B4A4F0B26E}.Release|Any CPU.ActiveCfg = Release|Any CPU
		{FEE79B48-34E3-4A5D-B954-B6B4A4F0B26E}.Release|Any CPU.Build.0 = Release|Any CPU
		{B44A9D62-B2B2-489C-8816-6829596B3E5E}.Debug|Any CPU.ActiveCfg = Debug|Any CPU
		{B44A9D62-B2B2-489C-8816-6829596B3E5E}.Debug|Any CPU.Build.0 = Debug|Any CPU
		{B44A9D62-B2B2-489C-8816-6829596B3E5E}.Release|Any CPU.ActiveCfg = Release|Any CPU
		{B44A9D62-B2B2-489C-8816-6829596B3E5E}.Release|Any CPU.Build.0 = Release|Any CPU
	EndGlobalSection
	GlobalSection(SolutionProperties) = preSolution
		HideSolutionNode = FALSE
	EndGlobalSection
	GlobalSection(NestedProjects) = preSolution
		{54DBFB9D-3016-4581-84B5-AE7CFAF78FC0} = {AD5E049C-9317-408C-9DE9-64DE7446DF8F}
		{0BC55200-495C-4BE9-A41B-1D0D783BB237} = {AD5E049C-9317-408C-9DE9-64DE7446DF8F}
		{F5A690CF-E376-40FF-A5CD-51F2DB066ACB} = {AD5E049C-9317-408C-9DE9-64DE7446DF8F}
		{78B87072-992D-45FF-AEFB-26FB00A2F241} = {AD5E049C-9317-408C-9DE9-64DE7446DF8F}
		{F3A01242-4093-4853-9E7A-F20E281C2E11} = {F5A690CF-E376-40FF-A5CD-51F2DB066ACB}
		{5293B839-2471-4B10-A2E7-35F9EFD6184A} = {0BC55200-495C-4BE9-A41B-1D0D783BB237}
		{CD9848C4-BD96-4F8C-831F-FA74B1B2DCAC} = {7AD5DC5F-789E-4F5C-BC78-A7149E185CC1}
		{84EB0993-6F78-4682-BDA0-C912151A0C0C} = {78B87072-992D-45FF-AEFB-26FB00A2F241}
		{CFBF5E0F-E7E5-41BC-88B2-6EBE552BA792} = {54DBFB9D-3016-4581-84B5-AE7CFAF78FC0}
		{BC4DB568-0186-4223-941B-9ACAC0A6D968} = {78B87072-992D-45FF-AEFB-26FB00A2F241}
		{FFD98116-67D4-4E7F-9FAC-34FAEEDAC369} = {AD5E049C-9317-408C-9DE9-64DE7446DF8F}
		{4FB4388B-C664-4174-9202-2BEF6C6675F6} = {FFD98116-67D4-4E7F-9FAC-34FAEEDAC369}
		{DA637EE7-77F8-4139-A94B-B633C6AB358E} = {78B87072-992D-45FF-AEFB-26FB00A2F241}
		{FEE79B48-34E3-4A5D-B954-B6B4A4F0B26E} = {78B87072-992D-45FF-AEFB-26FB00A2F241}
		{B44A9D62-B2B2-489C-8816-6829596B3E5E} = {3C541C24-7B81-4427-A1A2-39B1E6281966}
	EndGlobalSection
EndGlobal
